
Microsoft Visual Studio Solution File, Format Version 12.00
# Visual Studio Version 17
VisualStudioVersion = 17.5.33502.453
MinimumVisualStudioVersion = 10.0.40219.1
Project("{FAE04EC0-301F-11D3-BF4B-00C04F79EFBC}") = "Api_Aranda", "Api_Aranda.csproj", "{6F0A4767-146C-408C-AA9D-9AB6EF27FE3B}"
EndProject
Global
	GlobalSection(SolutionConfigurationPlatforms) = preSolution
		Debug|Any CPU = Debug|Any CPU
		Release|Any CPU = Release|Any CPU
	EndGlobalSection
	GlobalSection(ProjectConfigurationPlatforms) = postSolution
		{6F0A4767-146C-408C-AA9D-9AB6EF27FE3B}.Debug|Any CPU.ActiveCfg = Debug|Any CPU
		{6F0A4767-146C-408C-AA9D-9AB6EF27FE3B}.Debug|Any CPU.Build.0 = Debug|Any CPU
		{6F0A4767-146C-408C-AA9D-9AB6EF27FE3B}.Release|Any CPU.ActiveCfg = Release|Any CPU
		{6F0A4767-146C-408C-AA9D-9AB6EF27FE3B}.Release|Any CPU.Build.0 = Release|Any CPU
	EndGlobalSection
	GlobalSection(SolutionProperties) = preSolution
		HideSolutionNode = FALSE
	EndGlobalSection
	GlobalSection(ExtensibilityGlobals) = postSolution
		SolutionGuid = {B7CAF9A7-EEF8-42AC-BF9C-6DE92926A61C}
	EndGlobalSection
EndGlobal
